
Microsoft Visual Studio Solution File, Format Version 12.00
# Visual Studio 14
VisualStudioVersion = 14.0.23107.0
MinimumVisualStudioVersion = 10.0.40219.1
Project("{D954291E-2A0B-460D-934E-DC6B0785DB48}") = "NavPage", "NavPage\NavPage\NavPage.shproj", "{176E5C71-13DD-40CF-8D00-650E64B8D1D3}"
EndProject
Project("{FAE04EC0-301F-11D3-BF4B-00C04F79EFBC}") = "NavPage.WinPhone", "NavPage\NavPage.WinPhone\NavPage.WinPhone.csproj", "{C4C0C1B6-9241-4F72-9C09-25B7F955047F}"
EndProject
Project("{FAE04EC0-301F-11D3-BF4B-00C04F79EFBC}") = "NavPage.iOS", "NavPage\NavPage.iOS\NavPage.iOS.csproj", "{07013F18-15D2-4A24-876B-D59372D3E382}"
EndProject
Project("{FAE04EC0-301F-11D3-BF4B-00C04F79EFBC}") = "NavPage.Droid", "NavPage\NavPage.Droid\NavPage.Droid.csproj", "{149C8586-2399-4627-8D45-F5DF81B8B1BB}"
EndProject
Global
	GlobalSection(SharedMSBuildProjectFiles) = preSolution
		NavPage\NavPage\NavPage.projitems*{149c8586-2399-4627-8d45-f5df81b8b1bb}*SharedItemsImports = 4
		NavPage\NavPage\NavPage.projitems*{07013f18-15d2-4a24-876b-d59372d3e382}*SharedItemsImports = 4
		NavPage\NavPage\NavPage.projitems*{176e5c71-13dd-40cf-8d00-650e64b8d1d3}*SharedItemsImports = 13
		NavPage\NavPage\NavPage.projitems*{c4c0c1b6-9241-4f72-9c09-25b7f955047f}*SharedItemsImports = 4
	EndGlobalSection
	GlobalSection(SolutionConfigurationPlatforms) = preSolution
		Ad-Hoc|Any CPU = Ad-Hoc|Any CPU
		Ad-Hoc|ARM = Ad-Hoc|ARM
		Ad-Hoc|iPhone = Ad-Hoc|iPhone
		Ad-Hoc|iPhoneSimulator = Ad-Hoc|iPhoneSimulator
		Ad-Hoc|x86 = Ad-Hoc|x86
		AppStore|Any CPU = AppStore|Any CPU
		AppStore|ARM = AppStore|ARM
		AppStore|iPhone = AppStore|iPhone
		AppStore|iPhoneSimulator = AppStore|iPhoneSimulator
		AppStore|x86 = AppStore|x86
		Debug|Any CPU = Debug|Any CPU
		Debug|ARM = Debug|ARM
		Debug|iPhone = Debug|iPhone
		Debug|iPhoneSimulator = Debug|iPhoneSimulator
		Debug|x86 = Debug|x86
		Release|Any CPU = Release|Any CPU
		Release|ARM = Release|ARM
		Release|iPhone = Release|iPhone
		Release|iPhoneSimulator = Release|iPhoneSimulator
		Release|x86 = Release|x86
	EndGlobalSection
	GlobalSection(ProjectConfigurationPlatforms) = postSolution
		{C4C0C1B6-9241-4F72-9C09-25B7F955047F}.Ad-Hoc|Any CPU.ActiveCfg = Release|Any CPU
		{C4C0C1B6-9241-4F72-9C09-25B7F955047F}.Ad-Hoc|Any CPU.Build.0 = Release|Any CPU
		{C4C0C1B6-9241-4F72-9C09-25B7F955047F}.Ad-Hoc|Any CPU.Deploy.0 = Release|Any CPU
		{C4C0C1B6-9241-4F72-9C09-25B7F955047F}.Ad-Hoc|ARM.ActiveCfg = Release|ARM
		{C4C0C1B6-9241-4F72-9C09-25B7F955047F}.Ad-Hoc|ARM.Build.0 = Release|ARM
		{C4C0C1B6-9241-4F72-9C09-25B7F955047F}.Ad-Hoc|ARM.Deploy.0 = Release|ARM
		{C4C0C1B6-9241-4F72-9C09-25B7F955047F}.Ad-Hoc|iPhone.ActiveCfg = Release|Any CPU
		{C4C0C1B6-9241-4F72-9C09-25B7F955047F}.Ad-Hoc|iPhone.Build.0 = Release|Any CPU
		{C4C0C1B6-9241-4F72-9C09-25B7F955047F}.Ad-Hoc|iPhone.Deploy.0 = Release|Any CPU
		{C4C0C1B6-9241-4F72-9C09-25B7F955047F}.Ad-Hoc|iPhoneSimulator.ActiveCfg = Release|Any CPU
		{C4C0C1B6-9241-4F72-9C09-25B7F955047F}.Ad-Hoc|iPhoneSimulator.Build.0 = Release|Any CPU
		{C4C0C1B6-9241-4F72-9C09-25B7F955047F}.Ad-Hoc|iPhoneSimulator.Deploy.0 = Release|Any CPU
		{C4C0C1B6-9241-4F72-9C09-25B7F955047F}.Ad-Hoc|x86.ActiveCfg = Release|x86
		{C4C0C1B6-9241-4F72-9C09-25B7F955047F}.Ad-Hoc|x86.Build.0 = Release|x86
		{C4C0C1B6-9241-4F72-9C09-25B7F955047F}.Ad-Hoc|x86.Deploy.0 = Release|x86
		{C4C0C1B6-9241-4F72-9C09-25B7F955047F}.AppStore|Any CPU.ActiveCfg = Release|Any CPU
		{C4C0C1B6-9241-4F72-9C09-25B7F955047F}.AppStore|Any CPU.Build.0 = Release|Any CPU
		{C4C0C1B6-9241-4F72-9C09-25B7F955047F}.AppStore|Any CPU.Deploy.0 = Release|Any CPU
		{C4C0C1B6-9241-4F72-9C09-25B7F955047F}.AppStore|ARM.ActiveCfg = Release|ARM
		{C4C0C1B6-9241-4F72-9C09-25B7F955047F}.AppStore|ARM.Build.0 = Release|ARM
		{C4C0C1B6-9241-4F72-9C09-25B7F955047F}.AppStore|ARM.Deploy.0 = Release|ARM
		{C4C0C1B6-9241-4F72-9C09-25B7F955047F}.AppStore|iPhone.ActiveCfg = Release|Any CPU
		{C4C0C1B6-9241-4F72-9C09-25B7F955047F}.AppStore|iPhone.Build.0 = Release|Any CPU
		{C4C0C1B6-9241-4F72-9C09-25B7F955047F}.AppStore|iPhone.Deploy.0 = Release|Any CPU
		{C4C0C1B6-9241-4F72-9C09-25B7F955047F}.AppStore|iPhoneSimulator.ActiveCfg = Release|Any CPU
		{C4C0C1B6-9241-4F72-9C09-25B7F955047F}.AppStore|iPhoneSimulator.Build.0 = Release|Any CPU
		{C4C0C1B6-9241-4F72-9C09-25B7F955047F}.AppStore|iPhoneSimulator.Deploy.0 = Release|Any CPU
		{C4C0C1B6-9241-4F72-9C09-25B7F955047F}.AppStore|x86.ActiveCfg = Release|x86
		{C4C0C1B6-9241-4F72-9C09-25B7F955047F}.AppStore|x86.Build.0 = Release|x86
		{C4C0C1B6-9241-4F72-9C09-25B7F955047F}.AppStore|x86.Deploy.0 = Release|x86
		{C4C0C1B6-9241-4F72-9C09-25B7F955047F}.Debug|Any CPU.ActiveCfg = Debug|Any CPU
		{C4C0C1B6-9241-4F72-9C09-25B7F955047F}.Debug|Any CPU.Build.0 = Debug|Any CPU
		{C4C0C1B6-9241-4F72-9C09-25B7F955047F}.Debug|Any CPU.Deploy.0 = Debug|Any CPU
		{C4C0C1B6-9241-4F72-9C09-25B7F955047F}.Debug|ARM.ActiveCfg = Debug|ARM
		{C4C0C1B6-9241-4F72-9C09-25B7F955047F}.Debug|ARM.Build.0 = Debug|ARM
		{C4C0C1B6-9241-4F72-9C09-25B7F955047F}.Debug|ARM.Deploy.0 = Debug|ARM
		{C4C0C1B6-9241-4F72-9C09-25B7F955047F}.Debug|iPhone.ActiveCfg = Debug|Any CPU
		{C4C0C1B6-9241-4F72-9C09-25B7F955047F}.Debug|iPhone.Build.0 = Debug|Any CPU
		{C4C0C1B6-9241-4F72-9C09-25B7F955047F}.Debug|iPhone.Deploy.0 = Debug|Any CPU
		{C4C0C1B6-9241-4F72-9C09-25B7F955047F}.Debug|iPhoneSimulator.ActiveCfg = Debug|Any CPU
		{C4C0C1B6-9241-4F72-9C09-25B7F955047F}.Debug|iPhoneSimulator.Build.0 = Debug|Any CPU
		{C4C0C1B6-9241-4F72-9C09-25B7F955047F}.Debug|iPhoneSimulator.Deploy.0 = Debug|Any CPU
		{C4C0C1B6-9241-4F72-9C09-25B7F955047F}.Debug|x86.ActiveCfg = Debug|x86
		{C4C0C1B6-9241-4F72-9C09-25B7F955047F}.Debug|x86.Build.0 = Debug|x86
		{C4C0C1B6-9241-4F72-9C09-25B7F955047F}.Debug|x86.Deploy.0 = Debug|x86
		{C4C0C1B6-9241-4F72-9C09-25B7F955047F}.Release|Any CPU.ActiveCfg = Release|Any CPU
		{C4C0C1B6-9241-4F72-9C09-25B7F955047F}.Release|Any CPU.Build.0 = Release|Any CPU
		{C4C0C1B6-9241-4F72-9C09-25B7F955047F}.Release|Any CPU.Deploy.0 = Release|Any CPU
		{C4C0C1B6-9241-4F72-9C09-25B7F955047F}.Release|ARM.ActiveCfg = Release|ARM
		{C4C0C1B6-9241-4F72-9C09-25B7F955047F}.Release|ARM.Build.0 = Release|ARM
		{C4C0C1B6-9241-4F72-9C09-25B7F955047F}.Release|ARM.Deploy.0 = Release|ARM
		{C4C0C1B6-9241-4F72-9C09-25B7F955047F}.Release|iPhone.ActiveCfg = Release|Any CPU
		{C4C0C1B6-9241-4F72-9C09-25B7F955047F}.Release|iPhone.Build.0 = Release|Any CPU
		{C4C0C1B6-9241-4F72-9C09-25B7F955047F}.Release|iPhone.Deploy.0 = Release|Any CPU
		{C4C0C1B6-9241-4F72-9C09-25B7F955047F}.Release|iPhoneSimulator.ActiveCfg = Release|Any CPU
		{C4C0C1B6-9241-4F72-9C09-25B7F955047F}.Release|iPhoneSimulator.Build.0 = Release|Any CPU
		{C4C0C1B6-9241-4F72-9C09-25B7F955047F}.Release|iPhoneSimulator.Deploy.0 = Release|Any CPU
		{C4C0C1B6-9241-4F72-9C09-25B7F955047F}.Release|x86.ActiveCfg = Release|x86
		{C4C0C1B6-9241-4F72-9C09-25B7F955047F}.Release|x86.Build.0 = Release|x86
		{C4C0C1B6-9241-4F72-9C09-25B7F955047F}.Release|x86.Deploy.0 = Release|x86
		{07013F18-15D2-4A24-876B-D59372D3E382}.Ad-Hoc|Any CPU.ActiveCfg = Ad-Hoc|iPhone
		{07013F18-15D2-4A24-876B-D59372D3E382}.Ad-Hoc|ARM.ActiveCfg = Ad-Hoc|iPhone
		{07013F18-15D2-4A24-876B-D59372D3E382}.Ad-Hoc|iPhone.ActiveCfg = Ad-Hoc|iPhone
		{07013F18-15D2-4A24-876B-D59372D3E382}.Ad-Hoc|iPhone.Build.0 = Ad-Hoc|iPhone
		{07013F18-15D2-4A24-876B-D59372D3E382}.Ad-Hoc|iPhoneSimulator.ActiveCfg = Ad-Hoc|iPhoneSimulator
		{07013F18-15D2-4A24-876B-D59372D3E382}.Ad-Hoc|iPhoneSimulator.Build.0 = Ad-Hoc|iPhoneSimulator
		{07013F18-15D2-4A24-876B-D59372D3E382}.Ad-Hoc|x86.ActiveCfg = Ad-Hoc|iPhone
		{07013F18-15D2-4A24-876B-D59372D3E382}.AppStore|Any CPU.ActiveCfg = AppStore|iPhone
		{07013F18-15D2-4A24-876B-D59372D3E382}.AppStore|ARM.ActiveCfg = AppStore|iPhone
		{07013F18-15D2-4A24-876B-D59372D3E382}.AppStore|iPhone.ActiveCfg = AppStore|iPhone
		{07013F18-15D2-4A24-876B-D59372D3E382}.AppStore|iPhone.Build.0 = AppStore|iPhone
		{07013F18-15D2-4A24-876B-D59372D3E382}.AppStore|iPhoneSimulator.ActiveCfg = AppStore|iPhoneSimulator
		{07013F18-15D2-4A24-876B-D59372D3E382}.AppStore|iPhoneSimulator.Build.0 = AppStore|iPhoneSimulator
		{07013F18-15D2-4A24-876B-D59372D3E382}.AppStore|x86.ActiveCfg = AppStore|iPhone
		{07013F18-15D2-4A24-876B-D59372D3E382}.Debug|Any CPU.ActiveCfg = Debug|iPhone
		{07013F18-15D2-4A24-876B-D59372D3E382}.Debug|ARM.ActiveCfg = Debug|iPhone
		{07013F18-15D2-4A24-876B-D59372D3E382}.Debug|iPhone.ActiveCfg = Debug|iPhone
		{07013F18-15D2-4A24-876B-D59372D3E382}.Debug|iPhone.Build.0 = Debug|iPhone
		{07013F18-15D2-4A24-876B-D59372D3E382}.Debug|iPhoneSimulator.ActiveCfg = Debug|iPhoneSimulator
		{07013F18-15D2-4A24-876B-D59372D3E382}.Debug|iPhoneSimulator.Build.0 = Debug|iPhoneSimulator
		{07013F18-15D2-4A24-876B-D59372D3E382}.Debug|x86.ActiveCfg = Debug|iPhone
		{07013F18-15D2-4A24-876B-D59372D3E382}.Release|Any CPU.ActiveCfg = Release|iPhone
		{07013F18-15D2-4A24-876B-D59372D3E382}.Release|ARM.ActiveCfg = Release|iPhone
		{07013F18-15D2-4A24-876B-D59372D3E382}.Release|iPhone.ActiveCfg = Release|iPhone
		{07013F18-15D2-4A24-876B-D59372D3E382}.Release|iPhone.Build.0 = Release|iPhone
		{07013F18-15D2-4A24-876B-D59372D3E382}.Release|iPhoneSimulator.ActiveCfg = Release|iPhoneSimulator
		{07013F18-15D2-4A24-876B-D59372D3E382}.Release|iPhoneSimulator.Build.0 = Release|iPhoneSimulator
		{07013F18-15D2-4A24-876B-D59372D3E382}.Release|x86.ActiveCfg = Release|iPhone
		{149C8586-2399-4627-8D45-F5DF81B8B1BB}.Ad-Hoc|Any CPU.ActiveCfg = Release|Any CPU
		{149C8586-2399-4627-8D45-F5DF81B8B1BB}.Ad-Hoc|Any CPU.Build.0 = Release|Any CPU
		{149C8586-2399-4627-8D45-F5DF81B8B1BB}.Ad-Hoc|Any CPU.Deploy.0 = Release|Any CPU
		{149C8586-2399-4627-8D45-F5DF81B8B1BB}.Ad-Hoc|ARM.ActiveCfg = Release|Any CPU
		{149C8586-2399-4627-8D45-F5DF81B8B1BB}.Ad-Hoc|ARM.Build.0 = Release|Any CPU
		{149C8586-2399-4627-8D45-F5DF81B8B1BB}.Ad-Hoc|ARM.Deploy.0 = Release|Any CPU
		{149C8586-2399-4627-8D45-F5DF81B8B1BB}.Ad-Hoc|iPhone.ActiveCfg = Release|Any CPU
		{149C8586-2399-4627-8D45-F5DF81B8B1BB}.Ad-Hoc|iPhone.Build.0 = Release|Any CPU
		{149C8586-2399-4627-8D45-F5DF81B8B1BB}.Ad-Hoc|iPhone.Deploy.0 = Release|Any CPU
		{149C8586-2399-4627-8D45-F5DF81B8B1BB}.Ad-Hoc|iPhoneSimulator.ActiveCfg = Release|Any CPU
		{149C8586-2399-4627-8D45-F5DF81B8B1BB}.Ad-Hoc|iPhoneSimulator.Build.0 = Release|Any CPU
		{149C8586-2399-4627-8D45-F5DF81B8B1BB}.Ad-Hoc|iPhoneSimulator.Deploy.0 = Release|Any CPU
		{149C8586-2399-4627-8D45-F5DF81B8B1BB}.Ad-Hoc|x86.ActiveCfg = Release|Any CPU
		{149C8586-2399-4627-8D45-F5DF81B8B1BB}.Ad-Hoc|x86.Build.0 = Release|Any CPU
		{149C8586-2399-4627-8D45-F5DF81B8B1BB}.Ad-Hoc|x86.Deploy.0 = Release|Any CPU
		{149C8586-2399-4627-8D45-F5DF81B8B1BB}.AppStore|Any CPU.ActiveCfg = Release|Any CPU
		{149C8586-2399-4627-8D45-F5DF81B8B1BB}.AppStore|Any CPU.Build.0 = Release|Any CPU
		{149C8586-2399-4627-8D45-F5DF81B8B1BB}.AppStore|Any CPU.Deploy.0 = Release|Any CPU
		{149C8586-2399-4627-8D45-F5DF81B8B1BB}.AppStore|ARM.ActiveCfg = Release|Any CPU
		{149C8586-2399-4627-8D45-F5DF81B8B1BB}.AppStore|ARM.Build.0 = Release|Any CPU
		{149C8586-2399-4627-8D45-F5DF81B8B1BB}.AppStore|ARM.Deploy.0 = Release|Any CPU
		{149C8586-2399-4627-8D45-F5DF81B8B1BB}.AppStore|iPhone.ActiveCfg = Release|Any CPU
		{149C8586-2399-4627-8D45-F5DF81B8B1BB}.AppStore|iPhone.Build.0 = Release|Any CPU
		{149C8586-2399-4627-8D45-F5DF81B8B1BB}.AppStore|iPhone.Deploy.0 = Release|Any CPU
		{149C8586-2399-4627-8D45-F5DF81B8B1BB}.AppStore|iPhoneSimulator.ActiveCfg = Release|Any CPU
		{149C8586-2399-4627-8D45-F5DF81B8B1BB}.AppStore|iPhoneSimulator.Build.0 = Release|Any CPU
		{149C8586-2399-4627-8D45-F5DF81B8B1BB}.AppStore|iPhoneSimulator.Deploy.0 = Release|Any CPU
		{149C8586-2399-4627-8D45-F5DF81B8B1BB}.AppStore|x86.ActiveCfg = Release|Any CPU
		{149C8586-2399-4627-8D45-F5DF81B8B1BB}.AppStore|x86.Build.0 = Release|Any CPU
		{149C8586-2399-4627-8D45-F5DF81B8B1BB}.AppStore|x86.Deploy.0 = Release|Any CPU
		{149C8586-2399-4627-8D45-F5DF81B8B1BB}.Debug|Any CPU.ActiveCfg = Debug|Any CPU
		{149C8586-2399-4627-8D45-F5DF81B8B1BB}.Debug|Any CPU.Build.0 = Debug|Any CPU
		{149C8586-2399-4627-8D45-F5DF81B8B1BB}.Debug|Any CPU.Deploy.0 = Debug|Any CPU
		{149C8586-2399-4627-8D45-F5DF81B8B1BB}.Debug|ARM.ActiveCfg = Debug|Any CPU
		{149C8586-2399-4627-8D45-F5DF81B8B1BB}.Debug|ARM.Build.0 = Debug|Any CPU
		{149C8586-2399-4627-8D45-F5DF81B8B1BB}.Debug|ARM.Deploy.0 = Debug|Any CPU
		{149C8586-2399-4627-8D45-F5DF81B8B1BB}.Debug|iPhone.ActiveCfg = Debug|Any CPU
		{149C8586-2399-4627-8D45-F5DF81B8B1BB}.Debug|iPhone.Build.0 = Debug|Any CPU
		{149C8586-2399-4627-8D45-F5DF81B8B1BB}.Debug|iPhone.Deploy.0 = Debug|Any CPU
		{149C8586-2399-4627-8D45-F5DF81B8B1BB}.Debug|iPhoneSimulator.ActiveCfg = Debug|Any CPU
		{149C8586-2399-4627-8D45-F5DF81B8B1BB}.Debug|iPhoneSimulator.Build.0 = Debug|Any CPU
		{149C8586-2399-4627-8D45-F5DF81B8B1BB}.Debug|iPhoneSimulator.Deploy.0 = Debug|Any CPU
		{149C8586-2399-4627-8D45-F5DF81B8B1BB}.Debug|x86.ActiveCfg = Debug|Any CPU
		{149C8586-2399-4627-8D45-F5DF81B8B1BB}.Debug|x86.Build.0 = Debug|Any CPU
		{149C8586-2399-4627-8D45-F5DF81B8B1BB}.Debug|x86.Deploy.0 = Debug|Any CPU
		{149C8586-2399-4627-8D45-F5DF81B8B1BB}.Release|Any CPU.ActiveCfg = Release|Any CPU
		{149C8586-2399-4627-8D45-F5DF81B8B1BB}.Release|Any CPU.Build.0 = Release|Any CPU
		{149C8586-2399-4627-8D45-F5DF81B8B1BB}.Release|Any CPU.Deploy.0 = Release|Any CPU
		{149C8586-2399-4627-8D45-F5DF81B8B1BB}.Release|ARM.ActiveCfg = Release|Any CPU
		{149C8586-2399-4627-8D45-F5DF81B8B1BB}.Release|ARM.Build.0 = Release|Any CPU
		{149C8586-2399-4627-8D45-F5DF81B8B1BB}.Release|ARM.Deploy.0 = Release|Any CPU
		{149C8586-2399-4627-8D45-F5DF81B8B1BB}.Release|iPhone.ActiveCfg = Release|Any CPU
		{149C8586-2399-4627-8D45-F5DF81B8B1BB}.Release|iPhone.Build.0 = Release|Any CPU
		{149C8586-2399-4627-8D45-F5DF81B8B1BB}.Release|iPhone.Deploy.0 = Release|Any CPU
		{149C8586-2399-4627-8D45-F5DF81B8B1BB}.Release|iPhoneSimulator.ActiveCfg = Release|Any CPU
		{149C8586-2399-4627-8D45-F5DF81B8B1BB}.Release|iPhoneSimulator.Build.0 = Release|Any CPU
		{149C8586-2399-4627-8D45-F5DF81B8B1BB}.Release|iPhoneSimulator.Deploy.0 = Release|Any CPU
		{149C8586-2399-4627-8D45-F5DF81B8B1BB}.Release|x86.ActiveCfg = Release|Any CPU
		{149C8586-2399-4627-8D45-F5DF81B8B1BB}.Release|x86.Build.0 = Release|Any CPU
		{149C8586-2399-4627-8D45-F5DF81B8B1BB}.Release|x86.Deploy.0 = Release|Any CPU
	EndGlobalSection
	GlobalSection(SolutionProperties) = preSolution
		HideSolutionNode = FALSE
	EndGlobalSection
EndGlobal
